// !$*UTF8*$!
{
	archiveVersion = 1;
	classes = {
	};
	objectVersion = 50;
	objects = {

/* Begin PBXBuildFile section */
		2735B42908A47DE4362594B1 /* Pods_Waeen.framework in Frameworks */ = {isa = PBXBuildFile; fileRef = BF5A9FB43BE0B8810F1B8741 /* Pods_Waeen.framework */; };
		75225622223A57C900B3E793 /* notifactionCell.swift in Sources */ = {isa = PBXBuildFile; fileRef = 75225621223A57C900B3E793 /* notifactionCell.swift */; };
		75225625223A58D400B3E793 /* notificationsVC.swift in Sources */ = {isa = PBXBuildFile; fileRef = 75225624223A58D400B3E793 /* notificationsVC.swift */; };
		75225628223A688900B3E793 /* sidemenueVC.swift in Sources */ = {isa = PBXBuildFile; fileRef = 75225627223A688900B3E793 /* sidemenueVC.swift */; };
		7522562A223A8D6E00B3E793 /* attendanceVC.swift in Sources */ = {isa = PBXBuildFile; fileRef = 75225629223A8D6E00B3E793 /* attendanceVC.swift */; };
		7522562C223A922000B3E793 /* attandenceCell.swift in Sources */ = {isa = PBXBuildFile; fileRef = 7522562B223A922000B3E793 /* attandenceCell.swift */; };
		7522562E223AA9FC00B3E793 /* superVisoersCell.swift in Sources */ = {isa = PBXBuildFile; fileRef = 7522562D223AA9FC00B3E793 /* superVisoersCell.swift */; };
		75225630223AAC4600B3E793 /* suporViserInfo.swift in Sources */ = {isa = PBXBuildFile; fileRef = 7522562F223AAC4600B3E793 /* suporViserInfo.swift */; };
		758DEFDD222FC8F80044CF2A /* AppDelegate.swift in Sources */ = {isa = PBXBuildFile; fileRef = 758DEFDC222FC8F80044CF2A /* AppDelegate.swift */; };
		758DEFDF222FC8F80044CF2A /* loginVC.swift in Sources */ = {isa = PBXBuildFile; fileRef = 758DEFDE222FC8F80044CF2A /* loginVC.swift */; };
		758DEFE2222FC8F80044CF2A /* Main.storyboard in Resources */ = {isa = PBXBuildFile; fileRef = 758DEFE0222FC8F80044CF2A /* Main.storyboard */; };
		758DEFE4222FC8FA0044CF2A /* Assets.xcassets in Resources */ = {isa = PBXBuildFile; fileRef = 758DEFE3222FC8FA0044CF2A /* Assets.xcassets */; };
		758DEFE7222FC8FA0044CF2A /* LaunchScreen.storyboard in Resources */ = {isa = PBXBuildFile; fileRef = 758DEFE5222FC8FA0044CF2A /* LaunchScreen.storyboard */; };
		758DEFF8222FCF730044CF2A /* textimage.swift in Sources */ = {isa = PBXBuildFile; fileRef = 758DEFF7222FCF730044CF2A /* textimage.swift */; };
		758DEFFA222FD0800044CF2A /* roundedBtn.swift in Sources */ = {isa = PBXBuildFile; fileRef = 758DEFF9222FD0800044CF2A /* roundedBtn.swift */; };
		758DEFFC222FD6080044CF2A /* Admin.storyboard in Resources */ = {isa = PBXBuildFile; fileRef = 758DEFFB222FD6080044CF2A /* Admin.storyboard */; };
		758DEFFE222FD6330044CF2A /* famliymember.storyboard in Resources */ = {isa = PBXBuildFile; fileRef = 758DEFFD222FD6330044CF2A /* famliymember.storyboard */; };
		758DF000222FD69B0044CF2A /* family.storyboard in Resources */ = {isa = PBXBuildFile; fileRef = 758DEFFF222FD69B0044CF2A /* family.storyboard */; };
		758DF002222FD9E40044CF2A /* Config.swift in Sources */ = {isa = PBXBuildFile; fileRef = 758DF001222FD9E40044CF2A /* Config.swift */; };
		758DF004222FE24D0044CF2A /* helper.swift in Sources */ = {isa = PBXBuildFile; fileRef = 758DF003222FE24D0044CF2A /* helper.swift */; };
		758DF006222FEFDD0044CF2A /* API+AUTH.swift in Sources */ = {isa = PBXBuildFile; fileRef = 758DF005222FEFDD0044CF2A /* API+AUTH.swift */; };
		758DF008222FF2AA0044CF2A /* showAlert.swift in Sources */ = {isa = PBXBuildFile; fileRef = 758DF007222FF2AA0044CF2A /* showAlert.swift */; };
		758DF00B223006EC0044CF2A /* homeCell.swift in Sources */ = {isa = PBXBuildFile; fileRef = 758DF00A223006EC0044CF2A /* homeCell.swift */; };
		758DF00F223007C80044CF2A /* adminHomeVC.swift in Sources */ = {isa = PBXBuildFile; fileRef = 758DF00E223007C80044CF2A /* adminHomeVC.swift */; };
		758DF011223012020044CF2A /* GoogleService-Info.plist in Resources */ = {isa = PBXBuildFile; fileRef = 758DF010223012020044CF2A /* GoogleService-Info.plist */; };
		758DF014223019670044CF2A /* DataServices.swift in Sources */ = {isa = PBXBuildFile; fileRef = 758DF013223019670044CF2A /* DataServices.swift */; };
		75E6AB04223907B1004B5061 /* roundedView.swift in Sources */ = {isa = PBXBuildFile; fileRef = 75E6AB03223907B1004B5061 /* roundedView.swift */; };
		75E6AB06223908F3004B5061 /* feedBackVC.swift in Sources */ = {isa = PBXBuildFile; fileRef = 75E6AB05223908F3004B5061 /* feedBackVC.swift */; };
		75E6AB0822391E2E004B5061 /* massageCell.swift in Sources */ = {isa = PBXBuildFile; fileRef = 75E6AB0722391E2E004B5061 /* massageCell.swift */; };
		75E6AB0B22391EF4004B5061 /* messages.swift in Sources */ = {isa = PBXBuildFile; fileRef = 75E6AB0A22391EF4004B5061 /* messages.swift */; };
		75E6AB0E223921B0004B5061 /* API+Masseges.swift in Sources */ = {isa = PBXBuildFile; fileRef = 75E6AB0D223921B0004B5061 /* API+Masseges.swift */; };
		75E6AB1122393ACD004B5061 /* newMessageVC.swift in Sources */ = {isa = PBXBuildFile; fileRef = 75E6AB1022393ACD004B5061 /* newMessageVC.swift */; };
/* End PBXBuildFile section */

/* Begin PBXFileReference section */
		56FFC46A1996A1BDA5BA2CEC /* Pods-Waeen.release.xcconfig */ = {isa = PBXFileReference; includeInIndex = 1; lastKnownFileType = text.xcconfig; name = "Pods-Waeen.release.xcconfig"; path = "Pods/Target Support Files/Pods-Waeen/Pods-Waeen.release.xcconfig"; sourceTree = "<group>"; };
		75225621223A57C900B3E793 /* notifactionCell.swift */ = {isa = PBXFileReference; lastKnownFileType = sourcecode.swift; path = notifactionCell.swift; sourceTree = "<group>"; };
		75225624223A58D400B3E793 /* notificationsVC.swift */ = {isa = PBXFileReference; lastKnownFileType = sourcecode.swift; path = notificationsVC.swift; sourceTree = "<group>"; };
		75225627223A688900B3E793 /* sidemenueVC.swift */ = {isa = PBXFileReference; lastKnownFileType = sourcecode.swift; path = sidemenueVC.swift; sourceTree = "<group>"; };
		75225629223A8D6E00B3E793 /* attendanceVC.swift */ = {isa = PBXFileReference; lastKnownFileType = sourcecode.swift; path = attendanceVC.swift; sourceTree = "<group>"; };
		7522562B223A922000B3E793 /* attandenceCell.swift */ = {isa = PBXFileReference; lastKnownFileType = sourcecode.swift; path = attandenceCell.swift; sourceTree = "<group>"; };
		7522562D223AA9FC00B3E793 /* superVisoersCell.swift */ = {isa = PBXFileReference; lastKnownFileType = sourcecode.swift; path = superVisoersCell.swift; sourceTree = "<group>"; };
		7522562F223AAC4600B3E793 /* suporViserInfo.swift */ = {isa = PBXFileReference; lastKnownFileType = sourcecode.swift; path = suporViserInfo.swift; sourceTree = "<group>"; };
		758DEFD9222FC8F80044CF2A /* Waeen.app */ = {isa = PBXFileReference; explicitFileType = wrapper.application; includeInIndex = 0; path = Waeen.app; sourceTree = BUILT_PRODUCTS_DIR; };
		758DEFDC222FC8F80044CF2A /* AppDelegate.swift */ = {isa = PBXFileReference; lastKnownFileType = sourcecode.swift; path = AppDelegate.swift; sourceTree = "<group>"; };
		758DEFDE222FC8F80044CF2A /* loginVC.swift */ = {isa = PBXFileReference; lastKnownFileType = sourcecode.swift; path = loginVC.swift; sourceTree = "<group>"; };
		758DEFE1222FC8F80044CF2A /* Base */ = {isa = PBXFileReference; lastKnownFileType = file.storyboard; name = Base; path = Base.lproj/Main.storyboard; sourceTree = "<group>"; };
		758DEFE3222FC8FA0044CF2A /* Assets.xcassets */ = {isa = PBXFileReference; lastKnownFileType = folder.assetcatalog; path = Assets.xcassets; sourceTree = "<group>"; };
		758DEFE6222FC8FA0044CF2A /* Base */ = {isa = PBXFileReference; lastKnownFileType = file.storyboard; name = Base; path = Base.lproj/LaunchScreen.storyboard; sourceTree = "<group>"; };
		758DEFE8222FC8FA0044CF2A /* Info.plist */ = {isa = PBXFileReference; lastKnownFileType = text.plist.xml; path = Info.plist; sourceTree = "<group>"; };
		758DEFF7222FCF730044CF2A /* textimage.swift */ = {isa = PBXFileReference; lastKnownFileType = sourcecode.swift; path = textimage.swift; sourceTree = "<group>"; };
		758DEFF9222FD0800044CF2A /* roundedBtn.swift */ = {isa = PBXFileReference; lastKnownFileType = sourcecode.swift; path = roundedBtn.swift; sourceTree = "<group>"; };
		758DEFFB222FD6080044CF2A /* Admin.storyboard */ = {isa = PBXFileReference; lastKnownFileType = file.storyboard; path = Admin.storyboard; sourceTree = "<group>"; };
		758DEFFD222FD6330044CF2A /* famliymember.storyboard */ = {isa = PBXFileReference; lastKnownFileType = file.storyboard; path = famliymember.storyboard; sourceTree = "<group>"; };
		758DEFFF222FD69B0044CF2A /* family.storyboard */ = {isa = PBXFileReference; lastKnownFileType = file.storyboard; path = family.storyboard; sourceTree = "<group>"; };
		758DF001222FD9E40044CF2A /* Config.swift */ = {isa = PBXFileReference; lastKnownFileType = sourcecode.swift; path = Config.swift; sourceTree = "<group>"; };
		758DF003222FE24D0044CF2A /* helper.swift */ = {isa = PBXFileReference; lastKnownFileType = sourcecode.swift; path = helper.swift; sourceTree = "<group>"; };
		758DF005222FEFDD0044CF2A /* API+AUTH.swift */ = {isa = PBXFileReference; lastKnownFileType = sourcecode.swift; path = "API+AUTH.swift"; sourceTree = "<group>"; };
		758DF007222FF2AA0044CF2A /* showAlert.swift */ = {isa = PBXFileReference; lastKnownFileType = sourcecode.swift; path = showAlert.swift; sourceTree = "<group>"; };
		758DF00A223006EC0044CF2A /* homeCell.swift */ = {isa = PBXFileReference; lastKnownFileType = sourcecode.swift; path = homeCell.swift; sourceTree = "<group>"; };
		758DF00E223007C80044CF2A /* adminHomeVC.swift */ = {isa = PBXFileReference; lastKnownFileType = sourcecode.swift; path = adminHomeVC.swift; sourceTree = "<group>"; };
		758DF010223012020044CF2A /* GoogleService-Info.plist */ = {isa = PBXFileReference; fileEncoding = 4; lastKnownFileType = text.plist.xml; path = "GoogleService-Info.plist"; sourceTree = "<group>"; };
		758DF013223019670044CF2A /* DataServices.swift */ = {isa = PBXFileReference; lastKnownFileType = sourcecode.swift; path = DataServices.swift; sourceTree = "<group>"; };
		75E6AB03223907B1004B5061 /* roundedView.swift */ = {isa = PBXFileReference; lastKnownFileType = sourcecode.swift; path = roundedView.swift; sourceTree = "<group>"; };
		75E6AB05223908F3004B5061 /* feedBackVC.swift */ = {isa = PBXFileReference; lastKnownFileType = sourcecode.swift; path = feedBackVC.swift; sourceTree = "<group>"; };
		75E6AB0722391E2E004B5061 /* massageCell.swift */ = {isa = PBXFileReference; lastKnownFileType = sourcecode.swift; path = massageCell.swift; sourceTree = "<group>"; };
		75E6AB0A22391EF4004B5061 /* messages.swift */ = {isa = PBXFileReference; lastKnownFileType = sourcecode.swift; path = messages.swift; sourceTree = "<group>"; };
		75E6AB0D223921B0004B5061 /* API+Masseges.swift */ = {isa = PBXFileReference; lastKnownFileType = sourcecode.swift; path = "API+Masseges.swift"; sourceTree = "<group>"; };
		75E6AB1022393ACD004B5061 /* newMessageVC.swift */ = {isa = PBXFileReference; lastKnownFileType = sourcecode.swift; path = newMessageVC.swift; sourceTree = "<group>"; };
		7A250EFA201FC002BA05152C /* Pods-Waeen.debug.xcconfig */ = {isa = PBXFileReference; includeInIndex = 1; lastKnownFileType = text.xcconfig; name = "Pods-Waeen.debug.xcconfig"; path = "Pods/Target Support Files/Pods-Waeen/Pods-Waeen.debug.xcconfig"; sourceTree = "<group>"; };
		BF5A9FB43BE0B8810F1B8741 /* Pods_Waeen.framework */ = {isa = PBXFileReference; explicitFileType = wrapper.framework; includeInIndex = 0; path = Pods_Waeen.framework; sourceTree = BUILT_PRODUCTS_DIR; };
/* End PBXFileReference section */

/* Begin PBXFrameworksBuildPhase section */
		758DEFD6222FC8F80044CF2A /* Frameworks */ = {
			isa = PBXFrameworksBuildPhase;
			buildActionMask = 2147483647;
			files = (
				2735B42908A47DE4362594B1 /* Pods_Waeen.framework in Frameworks */,
			);
			runOnlyForDeploymentPostprocessing = 0;
		};
/* End PBXFrameworksBuildPhase section */

/* Begin PBXGroup section */
		75225623223A588B00B3E793 /* notifications */ = {
			isa = PBXGroup;
			children = (
				75225624223A58D400B3E793 /* notificationsVC.swift */,
			);
			path = notifications;
			sourceTree = "<group>";
		};
		75225626223A686D00B3E793 /* sidemenu */ = {
			isa = PBXGroup;
			children = (
				75225627223A688900B3E793 /* sidemenueVC.swift */,
				75225629223A8D6E00B3E793 /* attendanceVC.swift */,
				7522562F223AAC4600B3E793 /* suporViserInfo.swift */,
			);
			path = sidemenu;
			sourceTree = "<group>";
		};
		758DEFD0222FC8F80044CF2A = {
			isa = PBXGroup;
			children = (
				758DEFDB222FC8F80044CF2A /* Waeen */,
				758DEFDA222FC8F80044CF2A /* Products */,
				88B53DE9C7E8C1B685B7933F /* Pods */,
				FEB769A0B8266999A60807E6 /* Frameworks */,
			);
			sourceTree = "<group>";
		};
		758DEFDA222FC8F80044CF2A /* Products */ = {
			isa = PBXGroup;
			children = (
				758DEFD9222FC8F80044CF2A /* Waeen.app */,
			);
			name = Products;
			sourceTree = "<group>";
		};
		758DEFDB222FC8F80044CF2A /* Waeen */ = {
			isa = PBXGroup;
			children = (
				758DEFDC222FC8F80044CF2A /* AppDelegate.swift */,
				758DF010223012020044CF2A /* GoogleService-Info.plist */,
				758DEFE8222FC8FA0044CF2A /* Info.plist */,
				758DEFE3222FC8FA0044CF2A /* Assets.xcassets */,
				758DEFEE222FCBAC0044CF2A /* URLS */,
				758DEFF2222FCBEA0044CF2A /* API */,
				758DEFEF222FCBBE0044CF2A /* Model */,
				758DEFF1222FCBDE0044CF2A /* cellClass */,
				758DEFF3222FCBF90044CF2A /* Controller */,
				758DEFF5222FCC140044CF2A /* storyboard */,
				758DEFF4222FCC060044CF2A /* View */,
				758DF012223017CC0044CF2A /* Services */,
				758DEFF0222FCBD00044CF2A /* Extension */,
			);
			path = Waeen;
			sourceTree = "<group>";
		};
		758DEFEE222FCBAC0044CF2A /* URLS */ = {
			isa = PBXGroup;
			children = (
				758DF001222FD9E40044CF2A /* Config.swift */,
			);
			path = URLS;
			sourceTree = "<group>";
		};
		758DEFEF222FCBBE0044CF2A /* Model */ = {
			isa = PBXGroup;
			children = (
				75E6AB0922391ED8004B5061 /* Admin */,
			);
			path = Model;
			sourceTree = "<group>";
		};
		758DEFF0222FCBD00044CF2A /* Extension */ = {
			isa = PBXGroup;
			children = (
				758DF003222FE24D0044CF2A /* helper.swift */,
				758DF007222FF2AA0044CF2A /* showAlert.swift */,
			);
			path = Extension;
			sourceTree = "<group>";
		};
		758DEFF1222FCBDE0044CF2A /* cellClass */ = {
			isa = PBXGroup;
			children = (
				758DF009223006CD0044CF2A /* Admin */,
			);
			path = cellClass;
			sourceTree = "<group>";
		};
		758DEFF2222FCBEA0044CF2A /* API */ = {
			isa = PBXGroup;
			children = (
				75E6AB0C2239219A004B5061 /* Admin */,
				758DF005222FEFDD0044CF2A /* API+AUTH.swift */,
			);
			path = API;
			sourceTree = "<group>";
		};
		758DEFF3222FCBF90044CF2A /* Controller */ = {
			isa = PBXGroup;
			children = (
				758DF00C223007960044CF2A /* Admin */,
				758DEFF6222FCC540044CF2A /* Auth */,
			);
			path = Controller;
			sourceTree = "<group>";
		};
		758DEFF4222FCC060044CF2A /* View */ = {
			isa = PBXGroup;
			children = (
				758DEFF7222FCF730044CF2A /* textimage.swift */,
				758DEFF9222FD0800044CF2A /* roundedBtn.swift */,
				75E6AB03223907B1004B5061 /* roundedView.swift */,
			);
			path = View;
			sourceTree = "<group>";
		};
		758DEFF5222FCC140044CF2A /* storyboard */ = {
			isa = PBXGroup;
			children = (
				758DEFE5222FC8FA0044CF2A /* LaunchScreen.storyboard */,
				758DEFE0222FC8F80044CF2A /* Main.storyboard */,
				758DEFFB222FD6080044CF2A /* Admin.storyboard */,
				758DEFFD222FD6330044CF2A /* famliymember.storyboard */,
				758DEFFF222FD69B0044CF2A /* family.storyboard */,
			);
			path = storyboard;
			sourceTree = "<group>";
		};
		758DEFF6222FCC540044CF2A /* Auth */ = {
			isa = PBXGroup;
			children = (
				758DEFDE222FC8F80044CF2A /* loginVC.swift */,
			);
			path = Auth;
			sourceTree = "<group>";
		};
		758DF009223006CD0044CF2A /* Admin */ = {
			isa = PBXGroup;
			children = (
				758DF00A223006EC0044CF2A /* homeCell.swift */,
				75E6AB0722391E2E004B5061 /* massageCell.swift */,
				75225621223A57C900B3E793 /* notifactionCell.swift */,
				7522562B223A922000B3E793 /* attandenceCell.swift */,
				7522562D223AA9FC00B3E793 /* superVisoersCell.swift */,
			);
			path = Admin;
			sourceTree = "<group>";
		};
		758DF00C223007960044CF2A /* Admin */ = {
			isa = PBXGroup;
			children = (
				75225626223A686D00B3E793 /* sidemenu */,
				75225623223A588B00B3E793 /* notifications */,
				75E6AB0F22393A9D004B5061 /* Feedback */,
				758DF00D2230079F0044CF2A /* Home */,
			);
			path = Admin;
			sourceTree = "<group>";
		};
		758DF00D2230079F0044CF2A /* Home */ = {
			isa = PBXGroup;
			children = (
				758DF00E223007C80044CF2A /* adminHomeVC.swift */,
			);
			path = Home;
			sourceTree = "<group>";
		};
		758DF012223017CC0044CF2A /* Services */ = {
			isa = PBXGroup;
			children = (
				758DF013223019670044CF2A /* DataServices.swift */,
			);
			path = Services;
			sourceTree = "<group>";
		};
		75E6AB0922391ED8004B5061 /* Admin */ = {
			isa = PBXGroup;
			children = (
				75E6AB0A22391EF4004B5061 /* messages.swift */,
			);
			path = Admin;
			sourceTree = "<group>";
		};
		75E6AB0C2239219A004B5061 /* Admin */ = {
			isa = PBXGroup;
			children = (
				75E6AB0D223921B0004B5061 /* API+Masseges.swift */,
			);
			path = Admin;
			sourceTree = "<group>";
		};
		75E6AB0F22393A9D004B5061 /* Feedback */ = {
			isa = PBXGroup;
			children = (
				75E6AB05223908F3004B5061 /* feedBackVC.swift */,
				75E6AB1022393ACD004B5061 /* newMessageVC.swift */,
			);
			path = Feedback;
			sourceTree = "<group>";
		};
		88B53DE9C7E8C1B685B7933F /* Pods */ = {
			isa = PBXGroup;
			children = (
				7A250EFA201FC002BA05152C /* Pods-Waeen.debug.xcconfig */,
				56FFC46A1996A1BDA5BA2CEC /* Pods-Waeen.release.xcconfig */,
			);
			name = Pods;
			sourceTree = "<group>";
		};
		FEB769A0B8266999A60807E6 /* Frameworks */ = {
			isa = PBXGroup;
			children = (
				BF5A9FB43BE0B8810F1B8741 /* Pods_Waeen.framework */,
			);
			name = Frameworks;
			sourceTree = "<group>";
		};
/* End PBXGroup section */

/* Begin PBXNativeTarget section */
		758DEFD8222FC8F80044CF2A /* Waeen */ = {
			isa = PBXNativeTarget;
			buildConfigurationList = 758DEFEB222FC8FA0044CF2A /* Build configuration list for PBXNativeTarget "Waeen" */;
			buildPhases = (
				03E92A287D2C2846D6047B3B /* [CP] Check Pods Manifest.lock */,
				758DEFD5222FC8F80044CF2A /* Sources */,
				758DEFD6222FC8F80044CF2A /* Frameworks */,
				758DEFD7222FC8F80044CF2A /* Resources */,
				2A73DC73F33DDC478A27A71C /* [CP] Embed Pods Frameworks */,
			);
			buildRules = (
			);
			dependencies = (
			);
			name = Waeen;
			productName = Waeen;
			productReference = 758DEFD9222FC8F80044CF2A /* Waeen.app */;
			productType = "com.apple.product-type.application";
		};
/* End PBXNativeTarget section */

/* Begin PBXProject section */
		758DEFD1222FC8F80044CF2A /* Project object */ = {
			isa = PBXProject;
			attributes = {
				LastSwiftUpdateCheck = 1010;
				LastUpgradeCheck = 1010;
				ORGANIZATIONNAME = farid;
				TargetAttributes = {
					758DEFD8222FC8F80044CF2A = {
						CreatedOnToolsVersion = 10.1;
					};
				};
			};
			buildConfigurationList = 758DEFD4222FC8F80044CF2A /* Build configuration list for PBXProject "Waeen" */;
			compatibilityVersion = "Xcode 9.3";
			developmentRegion = en;
			hasScannedForEncodings = 0;
			knownRegions = (
				en,
				Base,
			);
			mainGroup = 758DEFD0222FC8F80044CF2A;
			productRefGroup = 758DEFDA222FC8F80044CF2A /* Products */;
			projectDirPath = "";
			projectRoot = "";
			targets = (
				758DEFD8222FC8F80044CF2A /* Waeen */,
			);
		};
/* End PBXProject section */

/* Begin PBXResourcesBuildPhase section */
		758DEFD7222FC8F80044CF2A /* Resources */ = {
			isa = PBXResourcesBuildPhase;
			buildActionMask = 2147483647;
			files = (
				758DF000222FD69B0044CF2A /* family.storyboard in Resources */,
				758DEFFC222FD6080044CF2A /* Admin.storyboard in Resources */,
				758DEFE7222FC8FA0044CF2A /* LaunchScreen.storyboard in Resources */,
				758DEFFE222FD6330044CF2A /* famliymember.storyboard in Resources */,
				758DEFE4222FC8FA0044CF2A /* Assets.xcassets in Resources */,
				758DEFE2222FC8F80044CF2A /* Main.storyboard in Resources */,
				758DF011223012020044CF2A /* GoogleService-Info.plist in Resources */,
			);
			runOnlyForDeploymentPostprocessing = 0;
		};
/* End PBXResourcesBuildPhase section */

/* Begin PBXShellScriptBuildPhase section */
		03E92A287D2C2846D6047B3B /* [CP] Check Pods Manifest.lock */ = {
			isa = PBXShellScriptBuildPhase;
			buildActionMask = 2147483647;
			files = (
			);
			inputPaths = (
				"${PODS_PODFILE_DIR_PATH}/Podfile.lock",
				"${PODS_ROOT}/Manifest.lock",
			);
			name = "[CP] Check Pods Manifest.lock";
			outputPaths = (
				"$(DERIVED_FILE_DIR)/Pods-Waeen-checkManifestLockResult.txt",
			);
			runOnlyForDeploymentPostprocessing = 0;
			shellPath = /bin/sh;
			shellScript = "diff \"${PODS_PODFILE_DIR_PATH}/Podfile.lock\" \"${PODS_ROOT}/Manifest.lock\" > /dev/null\nif [ $? != 0 ] ; then\n    # print error to STDERR\n    echo \"error: The sandbox is not in sync with the Podfile.lock. Run 'pod install' or update your CocoaPods installation.\" >&2\n    exit 1\nfi\n# This output is used by Xcode 'outputs' to avoid re-running this script phase.\necho \"SUCCESS\" > \"${SCRIPT_OUTPUT_FILE_0}\"\n";
			showEnvVarsInLog = 0;
		};
		2A73DC73F33DDC478A27A71C /* [CP] Embed Pods Frameworks */ = {
			isa = PBXShellScriptBuildPhase;
			buildActionMask = 2147483647;
			files = (
			);
			inputPaths = (
				"${SRCROOT}/Pods/Target Support Files/Pods-Waeen/Pods-Waeen-frameworks.sh",
				"${BUILT_PRODUCTS_DIR}/Alamofire/Alamofire.framework",
				"${BUILT_PRODUCTS_DIR}/GTMSessionFetcher/GTMSessionFetcher.framework",
				"${BUILT_PRODUCTS_DIR}/GoogleUtilities/GoogleUtilities.framework",
				"${BUILT_PRODUCTS_DIR}/IQKeyboardManagerSwift/IQKeyboardManagerSwift.framework",
				"${BUILT_PRODUCTS_DIR}/Kingfisher/Kingfisher.framework",
				"${BUILT_PRODUCTS_DIR}/SwiftyJSON/SwiftyJSON.framework",
				"${BUILT_PRODUCTS_DIR}/leveldb-library/leveldb.framework",
				"${BUILT_PRODUCTS_DIR}/nanopb/nanopb.framework",
			);
			name = "[CP] Embed Pods Frameworks";
			outputPaths = (
				"${TARGET_BUILD_DIR}/${FRAMEWORKS_FOLDER_PATH}/Alamofire.framework",
				"${TARGET_BUILD_DIR}/${FRAMEWORKS_FOLDER_PATH}/GTMSessionFetcher.framework",
				"${TARGET_BUILD_DIR}/${FRAMEWORKS_FOLDER_PATH}/GoogleUtilities.framework",
				"${TARGET_BUILD_DIR}/${FRAMEWORKS_FOLDER_PATH}/IQKeyboardManagerSwift.framework",
				"${TARGET_BUILD_DIR}/${FRAMEWORKS_FOLDER_PATH}/Kingfisher.framework",
				"${TARGET_BUILD_DIR}/${FRAMEWORKS_FOLDER_PATH}/SwiftyJSON.framework",
				"${TARGET_BUILD_DIR}/${FRAMEWORKS_FOLDER_PATH}/leveldb.framework",
				"${TARGET_BUILD_DIR}/${FRAMEWORKS_FOLDER_PATH}/nanopb.framework",
			);
			runOnlyForDeploymentPostprocessing = 0;
			shellPath = /bin/sh;
			shellScript = "\"${SRCROOT}/Pods/Target Support Files/Pods-Waeen/Pods-Waeen-frameworks.sh\"\n";
			showEnvVarsInLog = 0;
		};
/* End PBXShellScriptBuildPhase section */

/* Begin PBXSourcesBuildPhase section */
		758DEFD5222FC8F80044CF2A /* Sources */ = {
			isa = PBXSourcesBuildPhase;
			buildActionMask = 2147483647;
			files = (
				75225628223A688900B3E793 /* sidemenueVC.swift in Sources */,
				758DEFFA222FD0800044CF2A /* roundedBtn.swift in Sources */,
				758DEFDF222FC8F80044CF2A /* loginVC.swift in Sources */,
				7522562C223A922000B3E793 /* attandenceCell.swift in Sources */,
				758DF006222FEFDD0044CF2A /* API+AUTH.swift in Sources */,
				7522562A223A8D6E00B3E793 /* attendanceVC.swift in Sources */,
				75E6AB06223908F3004B5061 /* feedBackVC.swift in Sources */,
				758DF00F223007C80044CF2A /* adminHomeVC.swift in Sources */,
				758DF008222FF2AA0044CF2A /* showAlert.swift in Sources */,
				758DF014223019670044CF2A /* DataServices.swift in Sources */,
				75E6AB0822391E2E004B5061 /* massageCell.swift in Sources */,
				75225622223A57C900B3E793 /* notifactionCell.swift in Sources */,
				758DF002222FD9E40044CF2A /* Config.swift in Sources */,
				75225630223AAC4600B3E793 /* suporViserInfo.swift in Sources */,
				758DF004222FE24D0044CF2A /* helper.swift in Sources */,
				75E6AB0E223921B0004B5061 /* API+Masseges.swift in Sources */,
				75E6AB04223907B1004B5061 /* roundedView.swift in Sources */,
				75225625223A58D400B3E793 /* notificationsVC.swift in Sources */,
				7522562E223AA9FC00B3E793 /* superVisoersCell.swift in Sources */,
				758DF00B223006EC0044CF2A /* homeCell.swift in Sources */,
				75E6AB1122393ACD004B5061 /* newMessageVC.swift in Sources */,
				75E6AB0B22391EF4004B5061 /* messages.swift in Sources */,
				758DEFDD222FC8F80044CF2A /* AppDelegate.swift in Sources */,
				758DEFF8222FCF730044CF2A /* textimage.swift in Sources */,
			);
			runOnlyForDeploymentPostprocessing = 0;
		};
/* End PBXSourcesBuildPhase section */

/* Begin PBXVariantGroup section */
		758DEFE0222FC8F80044CF2A /* Main.storyboard */ = {
			isa = PBXVariantGroup;
			children = (
				758DEFE1222FC8F80044CF2A /* Base */,
			);
			name = Main.storyboard;
			sourceTree = "<group>";
		};
		758DEFE5222FC8FA0044CF2A /* LaunchScreen.storyboard */ = {
			isa = PBXVariantGroup;
			children = (
				758DEFE6222FC8FA0044CF2A /* Base */,
			);
			name = LaunchScreen.storyboard;
			sourceTree = "<group>";
		};
/* End PBXVariantGroup section */

/* Begin XCBuildConfiguration section */
		758DEFE9222FC8FA0044CF2A /* Debug */ = {
			isa = XCBuildConfiguration;
			buildSettings = {
				ALWAYS_SEARCH_USER_PATHS = NO;
				CLANG_ANALYZER_NONNULL = YES;
				CLANG_ANALYZER_NUMBER_OBJECT_CONVERSION = YES_AGGRESSIVE;
				CLANG_CXX_LANGUAGE_STANDARD = "gnu++14";
				CLANG_CXX_LIBRARY = "libc++";
				CLANG_ENABLE_MODULES = YES;
				CLANG_ENABLE_OBJC_ARC = YES;
				CLANG_ENABLE_OBJC_WEAK = YES;
				CLANG_WARN_BLOCK_CAPTURE_AUTORELEASING = YES;
				CLANG_WARN_BOOL_CONVERSION = YES;
				CLANG_WARN_COMMA = YES;
				CLANG_WARN_CONSTANT_CONVERSION = YES;
				CLANG_WARN_DEPRECATED_OBJC_IMPLEMENTATIONS = YES;
				CLANG_WARN_DIRECT_OBJC_ISA_USAGE = YES_ERROR;
				CLANG_WARN_DOCUMENTATION_COMMENTS = YES;
				CLANG_WARN_EMPTY_BODY = YES;
				CLANG_WARN_ENUM_CONVERSION = YES;
				CLANG_WARN_INFINITE_RECURSION = YES;
				CLANG_WARN_INT_CONVERSION = YES;
				CLANG_WARN_NON_LITERAL_NULL_CONVERSION = YES;
				CLANG_WARN_OBJC_IMPLICIT_RETAIN_SELF = YES;
				CLANG_WARN_OBJC_LITERAL_CONVERSION = YES;
				CLANG_WARN_OBJC_ROOT_CLASS = YES_ERROR;
				CLANG_WARN_RANGE_LOOP_ANALYSIS = YES;
				CLANG_WARN_STRICT_PROTOTYPES = YES;
				CLANG_WARN_SUSPICIOUS_MOVE = YES;
				CLANG_WARN_UNGUARDED_AVAILABILITY = YES_AGGRESSIVE;
				CLANG_WARN_UNREACHABLE_CODE = YES;
				CLANG_WARN__DUPLICATE_METHOD_MATCH = YES;
				CODE_SIGN_IDENTITY = "iPhone Developer";
				COPY_PHASE_STRIP = NO;
				DEBUG_INFORMATION_FORMAT = dwarf;
				ENABLE_STRICT_OBJC_MSGSEND = YES;
				ENABLE_TESTABILITY = YES;
				GCC_C_LANGUAGE_STANDARD = gnu11;
				GCC_DYNAMIC_NO_PIC = NO;
				GCC_NO_COMMON_BLOCKS = YES;
				GCC_OPTIMIZATION_LEVEL = 0;
				GCC_PREPROCESSOR_DEFINITIONS = (
					"DEBUG=1",
					"$(inherited)",
				);
				GCC_WARN_64_TO_32_BIT_CONVERSION = YES;
				GCC_WARN_ABOUT_RETURN_TYPE = YES_ERROR;
				GCC_WARN_UNDECLARED_SELECTOR = YES;
				GCC_WARN_UNINITIALIZED_AUTOS = YES_AGGRESSIVE;
				GCC_WARN_UNUSED_FUNCTION = YES;
				GCC_WARN_UNUSED_VARIABLE = YES;
				IPHONEOS_DEPLOYMENT_TARGET = 12.1;
				MTL_ENABLE_DEBUG_INFO = INCLUDE_SOURCE;
				MTL_FAST_MATH = YES;
				ONLY_ACTIVE_ARCH = YES;
				SDKROOT = iphoneos;
				SWIFT_ACTIVE_COMPILATION_CONDITIONS = DEBUG;
				SWIFT_OPTIMIZATION_LEVEL = "-Onone";
			};
			name = Debug;
		};
		758DEFEA222FC8FA0044CF2A /* Release */ = {
			isa = XCBuildConfiguration;
			buildSettings = {
				ALWAYS_SEARCH_USER_PATHS = NO;
				CLANG_ANALYZER_NONNULL = YES;
				CLANG_ANALYZER_NUMBER_OBJECT_CONVERSION = YES_AGGRESSIVE;
				CLANG_CXX_LANGUAGE_STANDARD = "gnu++14";
				CLANG_CXX_LIBRARY = "libc++";
				CLANG_ENABLE_MODULES = YES;
				CLANG_ENABLE_OBJC_ARC = YES;
				CLANG_ENABLE_OBJC_WEAK = YES;
				CLANG_WARN_BLOCK_CAPTURE_AUTORELEASING = YES;
				CLANG_WARN_BOOL_CONVERSION = YES;
				CLANG_WARN_COMMA = YES;
				CLANG_WARN_CONSTANT_CONVERSION = YES;
				CLANG_WARN_DEPRECATED_OBJC_IMPLEMENTATIONS = YES;
				CLANG_WARN_DIRECT_OBJC_ISA_USAGE = YES_ERROR;
				CLANG_WARN_DOCUMENTATION_COMMENTS = YES;
				CLANG_WARN_EMPTY_BODY = YES;
				CLANG_WARN_ENUM_CONVERSION = YES;
				CLANG_WARN_INFINITE_RECURSION = YES;
				CLANG_WARN_INT_CONVERSION = YES;
				CLANG_WARN_NON_LITERAL_NULL_CONVERSION = YES;
				CLANG_WARN_OBJC_IMPLICIT_RETAIN_SELF = YES;
				CLANG_WARN_OBJC_LITERAL_CONVERSION = YES;
				CLANG_WARN_OBJC_ROOT_CLASS = YES_ERROR;
				CLANG_WARN_RANGE_LOOP_ANALYSIS = YES;
				CLANG_WARN_STRICT_PROTOTYPES = YES;
				CLANG_WARN_SUSPICIOUS_MOVE = YES;
				CLANG_WARN_UNGUARDED_AVAILABILITY = YES_AGGRESSIVE;
				CLANG_WARN_UNREACHABLE_CODE = YES;
				CLANG_WARN__DUPLICATE_METHOD_MATCH = YES;
				CODE_SIGN_IDENTITY = "iPhone Developer";
				COPY_PHASE_STRIP = NO;
				DEBUG_INFORMATION_FORMAT = "dwarf-with-dsym";
				ENABLE_NS_ASSERTIONS = NO;
				ENABLE_STRICT_OBJC_MSGSEND = YES;
				GCC_C_LANGUAGE_STANDARD = gnu11;
				GCC_NO_COMMON_BLOCKS = YES;
				GCC_WARN_64_TO_32_BIT_CONVERSION = YES;
				GCC_WARN_ABOUT_RETURN_TYPE = YES_ERROR;
				GCC_WARN_UNDECLARED_SELECTOR = YES;
				GCC_WARN_UNINITIALIZED_AUTOS = YES_AGGRESSIVE;
				GCC_WARN_UNUSED_FUNCTION = YES;
				GCC_WARN_UNUSED_VARIABLE = YES;
				IPHONEOS_DEPLOYMENT_TARGET = 12.1;
				MTL_ENABLE_DEBUG_INFO = NO;
				MTL_FAST_MATH = YES;
				SDKROOT = iphoneos;
				SWIFT_COMPILATION_MODE = wholemodule;
				SWIFT_OPTIMIZATION_LEVEL = "-O";
				VALIDATE_PRODUCT = YES;
			};
			name = Release;
		};
		758DEFEC222FC8FA0044CF2A /* Debug */ = {
			isa = XCBuildConfiguration;
			baseConfigurationReference = 7A250EFA201FC002BA05152C /* Pods-Waeen.debug.xcconfig */;
			buildSettings = {
				ASSETCATALOG_COMPILER_APPICON_NAME = AppIcon;
				CODE_SIGN_STYLE = Automatic;
				DEVELOPMENT_TEAM = 4Z34DQ34UQ;
				INFOPLIST_FILE = Waeen/Info.plist;
				LD_RUNPATH_SEARCH_PATHS = (
					"$(inherited)",
					"@executable_path/Frameworks",
				);
				PRODUCT_BUNDLE_IDENTIFIER = Ebakers.Waeen;
				PRODUCT_NAME = "$(TARGET_NAME)";
				SWIFT_VERSION = 4.2;
				TARGETED_DEVICE_FAMILY = "1,2";
			};
			name = Debug;
		};
		758DEFED222FC8FA0044CF2A /* Release */ = {
			isa = XCBuildConfiguration;
			baseConfigurationReference = 56FFC46A1996A1BDA5BA2CEC /* Pods-Waeen.release.xcconfig */;
			buildSettings = {
				ASSETCATALOG_COMPILER_APPICON_NAME = AppIcon;
				CODE_SIGN_STYLE = Automatic;
				DEVELOPMENT_TEAM = 4Z34DQ34UQ;
				INFOPLIST_FILE = Waeen/Info.plist;
				LD_RUNPATH_SEARCH_PATHS = (
					"$(inherited)",
					"@executable_path/Frameworks",
				);
				PRODUCT_BUNDLE_IDENTIFIER = Ebakers.Waeen;
				PRODUCT_NAME = "$(TARGET_NAME)";
				SWIFT_VERSION = 4.2;
				TARGETED_DEVICE_FAMILY = "1,2";
			};
			name = Release;
		};
/* End XCBuildConfiguration section */

/* Begin XCConfigurationList section */
		758DEFD4222FC8F80044CF2A /* Build configuration list for PBXProject "Waeen" */ = {
			isa = XCConfigurationList;
			buildConfigurations = (
				758DEFE9222FC8FA0044CF2A /* Debug */,
				758DEFEA222FC8FA0044CF2A /* Release */,
			);
			defaultConfigurationIsVisible = 0;
			defaultConfigurationName = Release;
		};
		758DEFEB222FC8FA0044CF2A /* Build configuration list for PBXNativeTarget "Waeen" */ = {
			isa = XCConfigurationList;
			buildConfigurations = (
				758DEFEC222FC8FA0044CF2A /* Debug */,
				758DEFED222FC8FA0044CF2A /* Release */,
			);
			defaultConfigurationIsVisible = 0;
			defaultConfigurationName = Release;
		};
/* End XCConfigurationList section */
	};
	rootObject = 758DEFD1222FC8F80044CF2A /* Project object */;
}
